
Microsoft Visual Studio Solution File, Format Version 12.00
# Visual Studio Version 16
VisualStudioVersion = 16.0.29009.5
MinimumVisualStudioVersion = 10.0.40219.1
Project("{9A19103F-16F7-4668-BE54-9A1E7A4F7556}") = "FNA.Core", "submodules\FNA\FNA.Core.csproj", "{B2CF34B9-3DE2-4199-A82C-3C3F13A34C8A}"
EndProject
Project("{9A19103F-16F7-4668-BE54-9A1E7A4F7556}") = "FNA.Package", "src\FNA.Package\FNA.Package.csproj", "{B748A59D-19F6-486E-B1C5-6867D34A5699}"
EndProject
Global
	GlobalSection(SolutionConfigurationPlatforms) = preSolution
		Debug|Any CPU = Debug|Any CPU
		Debug|x64 = Debug|x64
		Debug|x86 = Debug|x86
		OSX-Linux|Any CPU = OSX-Linux|Any CPU
		OSX-Linux|x64 = OSX-Linux|x64
		OSX-Linux|x86 = OSX-Linux|x86
		Release|Any CPU = Release|Any CPU
		Release|x64 = Release|x64
		Release|x86 = Release|x86
		Retail|Any CPU = Retail|Any CPU
		Retail|x64 = Retail|x64
		Retail|x86 = Retail|x86
		Windows|Any CPU = Windows|Any CPU
		Windows|x64 = Windows|x64
		Windows|x86 = Windows|x86
	EndGlobalSection
	GlobalSection(ProjectConfigurationPlatforms) = postSolution
		{B2CF34B9-3DE2-4199-A82C-3C3F13A34C8A}.Debug|Any CPU.ActiveCfg = Debug|x64
		{B2CF34B9-3DE2-4199-A82C-3C3F13A34C8A}.Debug|x64.ActiveCfg = Debug|x64
		{B2CF34B9-3DE2-4199-A82C-3C3F13A34C8A}.Debug|x64.Build.0 = Debug|x64
		{B2CF34B9-3DE2-4199-A82C-3C3F13A34C8A}.Debug|x86.ActiveCfg = Debug|x64
		{B2CF34B9-3DE2-4199-A82C-3C3F13A34C8A}.OSX-Linux|Any CPU.ActiveCfg = Release|x64
		{B2CF34B9-3DE2-4199-A82C-3C3F13A34C8A}.OSX-Linux|Any CPU.Build.0 = Release|x64
		{B2CF34B9-3DE2-4199-A82C-3C3F13A34C8A}.OSX-Linux|x64.ActiveCfg = Release|x64
		{B2CF34B9-3DE2-4199-A82C-3C3F13A34C8A}.OSX-Linux|x64.Build.0 = Release|x64
		{B2CF34B9-3DE2-4199-A82C-3C3F13A34C8A}.OSX-Linux|x86.ActiveCfg = Release|x64
		{B2CF34B9-3DE2-4199-A82C-3C3F13A34C8A}.OSX-Linux|x86.Build.0 = Release|x64
		{B2CF34B9-3DE2-4199-A82C-3C3F13A34C8A}.Release|Any CPU.ActiveCfg = Release|x64
		{B2CF34B9-3DE2-4199-A82C-3C3F13A34C8A}.Release|x64.ActiveCfg = Release|x64
		{B2CF34B9-3DE2-4199-A82C-3C3F13A34C8A}.Release|x64.Build.0 = Release|x64
		{B2CF34B9-3DE2-4199-A82C-3C3F13A34C8A}.Release|x86.ActiveCfg = Release|x64
		{B2CF34B9-3DE2-4199-A82C-3C3F13A34C8A}.Retail|Any CPU.ActiveCfg = Release|x64
		{B2CF34B9-3DE2-4199-A82C-3C3F13A34C8A}.Retail|Any CPU.Build.0 = Release|x64
		{B2CF34B9-3DE2-4199-A82C-3C3F13A34C8A}.Retail|x64.ActiveCfg = Release|x64
		{B2CF34B9-3DE2-4199-A82C-3C3F13A34C8A}.Retail|x64.Build.0 = Release|x64
		{B2CF34B9-3DE2-4199-A82C-3C3F13A34C8A}.Retail|x86.ActiveCfg = Release|x64
		{B2CF34B9-3DE2-4199-A82C-3C3F13A34C8A}.Retail|x86.Build.0 = Release|x64
		{B2CF34B9-3DE2-4199-A82C-3C3F13A34C8A}.Windows|Any CPU.ActiveCfg = Release|x64
		{B2CF34B9-3DE2-4199-A82C-3C3F13A34C8A}.Windows|Any CPU.Build.0 = Release|x64
		{B2CF34B9-3DE2-4199-A82C-3C3F13A34C8A}.Windows|x64.ActiveCfg = Release|x64
		{B2CF34B9-3DE2-4199-A82C-3C3F13A34C8A}.Windows|x64.Build.0 = Release|x64
		{B2CF34B9-3DE2-4199-A82C-3C3F13A34C8A}.Windows|x86.ActiveCfg = Release|x64
		{B2CF34B9-3DE2-4199-A82C-3C3F13A34C8A}.Windows|x86.Build.0 = Release|x64
		{B748A59D-19F6-486E-B1C5-6867D34A5699}.Debug|Any CPU.ActiveCfg = Debug|Any CPU
		{B748A59D-19F6-486E-B1C5-6867D34A5699}.Debug|Any CPU.Build.0 = Debug|Any CPU
		{B748A59D-19F6-486E-B1C5-6867D34A5699}.Debug|x64.ActiveCfg = Debug|Any CPU
		{B748A59D-19F6-486E-B1C5-6867D34A5699}.Debug|x64.Build.0 = Debug|Any CPU
		{B748A59D-19F6-486E-B1C5-6867D34A5699}.Debug|x86.ActiveCfg = Debug|Any CPU
		{B748A59D-19F6-486E-B1C5-6867D34A5699}.Debug|x86.Build.0 = Debug|Any CPU
		{B748A59D-19F6-486E-B1C5-6867D34A5699}.OSX-Linux|Any CPU.ActiveCfg = Debug|Any CPU
		{B748A59D-19F6-486E-B1C5-6867D34A5699}.OSX-Linux|Any CPU.Build.0 = Debug|Any CPU
		{B748A59D-19F6-486E-B1C5-6867D34A5699}.OSX-Linux|x64.ActiveCfg = Debug|Any CPU
		{B748A59D-19F6-486E-B1C5-6867D34A5699}.OSX-Linux|x64.Build.0 = Debug|Any CPU
		{B748A59D-19F6-486E-B1C5-6867D34A5699}.OSX-Linux|x86.ActiveCfg = Debug|Any CPU
		{B748A59D-19F6-486E-B1C5-6867D34A5699}.OSX-Linux|x86.Build.0 = Debug|Any CPU
		{B748A59D-19F6-486E-B1C5-6867D34A5699}.Release|Any CPU.ActiveCfg = Release|Any CPU
		{B748A59D-19F6-486E-B1C5-6867D34A5699}.Release|Any CPU.Build.0 = Release|Any CPU
		{B748A59D-19F6-486E-B1C5-6867D34A5699}.Release|x64.ActiveCfg = Release|Any CPU
		{B748A59D-19F6-486E-B1C5-6867D34A5699}.Release|x64.Build.0 = Release|Any CPU
		{B748A59D-19F6-486E-B1C5-6867D34A5699}.Release|x86.ActiveCfg = Release|Any CPU
		{B748A59D-19F6-486E-B1C5-6867D34A5699}.Release|x86.Build.0 = Release|Any CPU
		{B748A59D-19F6-486E-B1C5-6867D34A5699}.Retail|Any CPU.ActiveCfg = Release|Any CPU
		{B748A59D-19F6-486E-B1C5-6867D34A5699}.Retail|Any CPU.Build.0 = Release|Any CPU
		{B748A59D-19F6-486E-B1C5-6867D34A5699}.Retail|x64.ActiveCfg = Release|Any CPU
		{B748A59D-19F6-486E-B1C5-6867D34A5699}.Retail|x64.Build.0 = Release|Any CPU
		{B748A59D-19F6-486E-B1C5-6867D34A5699}.Retail|x86.ActiveCfg = Release|Any CPU
		{B748A59D-19F6-486E-B1C5-6867D34A5699}.Retail|x86.Build.0 = Release|Any CPU
		{B748A59D-19F6-486E-B1C5-6867D34A5699}.Windows|Any CPU.ActiveCfg = Debug|Any CPU
		{B748A59D-19F6-486E-B1C5-6867D34A5699}.Windows|Any CPU.Build.0 = Debug|Any CPU
		{B748A59D-19F6-486E-B1C5-6867D34A5699}.Windows|x64.ActiveCfg = Debug|Any CPU
		{B748A59D-19F6-486E-B1C5-6867D34A5699}.Windows|x64.Build.0 = Debug|Any CPU
		{B748A59D-19F6-486E-B1C5-6867D34A5699}.Windows|x86.ActiveCfg = Debug|Any CPU
		{B748A59D-19F6-486E-B1C5-6867D34A5699}.Windows|x86.Build.0 = Debug|Any CPU
	EndGlobalSection
	GlobalSection(SolutionProperties) = preSolution
		HideSolutionNode = FALSE
	EndGlobalSection
	GlobalSection(ExtensibilityGlobals) = postSolution
		SolutionGuid = {34F0A69B-BB67-4E75-BD0C-15B4C1E589EE}
	EndGlobalSection
	GlobalSection(MonoDevelopProperties) = preSolution
		Policies = $0
		$0.TextStylePolicy = $1
		$1.inheritsSet = VisualStudio
		$1.inheritsScope = text/plain
		$1.scope = text/x-csharp
		$0.CSharpFormattingPolicy = $2
		$2.IndentSwitchBody = True
		$2.AnonymousMethodBraceStyle = NextLine
		$2.PropertyBraceStyle = NextLine
		$2.PropertyGetBraceStyle = NextLine
		$2.PropertySetBraceStyle = NextLine
		$2.EventBraceStyle = NextLine
		$2.EventAddBraceStyle = NextLine
		$2.EventRemoveBraceStyle = NextLine
		$2.StatementBraceStyle = NextLine
		$2.ElseNewLinePlacement = NewLine
		$2.CatchNewLinePlacement = NewLine
		$2.FinallyNewLinePlacement = NewLine
		$2.WhileNewLinePlacement = DoNotCare
		$2.ArrayInitializerWrapping = DoNotChange
		$2.ArrayInitializerBraceStyle = NextLine
		$2.BeforeMethodDeclarationParentheses = False
		$2.BeforeMethodCallParentheses = False
		$2.BeforeConstructorDeclarationParentheses = False
		$2.NewLineBeforeConstructorInitializerColon = NewLine
		$2.NewLineAfterConstructorInitializerColon = SameLine
		$2.BeforeDelegateDeclarationParentheses = False
		$2.NewParentheses = False
		$2.SpacesBeforeBrackets = False
		$2.AlignToFirstMethodDeclarationParameter = False
		$2.inheritsSet = Mono
		$2.inheritsScope = text/x-csharp
		$2.scope = text/x-csharp
		$2.IndentSwitchSection = True
		$2.NewLinesForBracesInProperties = True
		$2.NewLinesForBracesInAccessors = True
		$2.NewLinesForBracesInAnonymousMethods = True
		$2.NewLinesForBracesInControlBlocks = True
		$2.NewLinesForBracesInAnonymousTypes = True
		$2.NewLinesForBracesInObjectCollectionArrayInitializers = True
		$2.NewLinesForBracesInLambdaExpressionBody = True
		$2.NewLineForElse = True
		$2.NewLineForCatch = True
		$2.NewLineForFinally = True
		$2.NewLineForMembersInObjectInit = True
		$2.NewLineForMembersInAnonymousTypes = True
		$2.NewLineForClausesInQuery = True
		$2.SpacingAfterMethodDeclarationName = False
		$2.SpaceAfterMethodCallName = False
		$2.SpaceBeforeOpenSquareBracket = False
		$0.DotNetNamingPolicy = $3
		$3.DirectoryNamespaceAssociation = PrefixedHierarchical
		$3.ResourceNamePolicy = FileFormatDefault
	EndGlobalSection
EndGlobal
